{
  "name": "bpx",
  "version": "3.0.3",
  "lockfileVersion": 1,
  "requires": true,
  "dependencies": {
    "asbox": {
      "version": "1.0.8",
      "resolved": "https://registry.npmjs.org/asbox/-/asbox-1.0.8.tgz",
      "integrity": "sha512-uNbsz9LLrsfPy05mt5soLjyudpszmOI12DTgwcWrLmj7fT/JNdwg24HvAg1kJgb8OewnsTWrlkRHNuNrnSht0Q=="
    },
    "fun2mod": {
      "version": "1.0.5",
      "resolved": "https://registry.npmjs.org/fun2mod/-/fun2mod-1.0.5.tgz",
      "integrity": "sha512-v20RK2JXnuUXjvoALMduQLwT+e36YUUTcP7CQtHlOuDVp8OTu7IHYNd0PbFn+osDLbgXaa/eb4plAo5HHIiZZg=="
    },
    "kc-fread": {
      "version": "1.0.7",
      "resolved": "https://registry.npmjs.org/kc-fread/-/kc-fread-1.0.7.tgz",
      "integrity": "sha512-lpjBe7hKRhutwMSh4s9nqskLVUXQTmWlGkaEJLynY4uZ7G8Djmx5YfqDNwdBFvzUrVpTdHrrl04WOofadwwx6g=="
    },
    "kc-fwrite": {
      "version": "1.0.6",
      "resolved": "https://registry.npmjs.org/kc-fwrite/-/kc-fwrite-1.0.6.tgz",
      "integrity": "sha512-Xv9WkBdlnOAP+oMWTrIAnRkjm3Q98t9VV7mkBCJ68JWDTgTvjwlqbk/0DrnQEI178uKWprUm1pAd4jhZUc/aMg=="
    },
    "kc-obj-merge": {
      "version": "1.0.2",
      "resolved": "https://registry.npmjs.org/kc-obj-merge/-/kc-obj-merge-1.0.2.tgz",
      "integrity": "sha512-lWUY+TweR13ivLbTC5fz453Tp4hgHuFRUSTo0IBfC+kSWl//Y5qBVeNoB8N7W32HtDV7WyAGMG9wYiaSkUGnjw==",
      "requires": {
        "fun2mod": "^1.0.5"
      }
    },
    "kc-rmcomm": {
      "version": "1.0.9",
      "resolved": "https://registry.npmjs.org/kc-rmcomm/-/kc-rmcomm-1.0.9.tgz",
      "integrity": "sha512-C6do1cab53bX2fKPfhWjUQ+EE2an46+BygnGIP65JVV49QBRuZQknfX95P7vSQmvmroKOluryhtgoEgvnf0W/Q==",
      "requires": {
        "fun2mod": "^1.0.5"
      }
    },
    "kc-strmin": {
      "version": "1.0.3",
      "resolved": "https://registry.npmjs.org/kc-strmin/-/kc-strmin-1.0.3.tgz",
      "integrity": "sha512-AhXPsoc3U0BO4zioLOepAdta37Jxq4asQN3XI4xxnDcS+8MQ5Si/85jHOA94emc6itwCLjv0hGA4A31sP1PWIA==",
      "requires": {
        "fun2mod": "^1.0.5"
      }
    },
    "kc-tagfun": {
      "version": "1.2.6",
      "resolved": "https://registry.npmjs.org/kc-tagfun/-/kc-tagfun-1.2.6.tgz",
      "integrity": "sha512-paRXNhxjcr6ZVrDZpuWsH2WwQPbqRoKRoHOIRJygA29E9bjl+5yFvSzKYgbl7HD43TiZoPzumtZ2ZmvBTKFC3g==",
      "requires": {
        "fun2mod": "^1.0.5"
      }
    },
    "t2js": {
      "version": "4.0.3",
      "resolved": "https://registry.npmjs.org/t2js/-/t2js-4.0.3.tgz",
      "integrity": "sha512-8c6r4sMwV7BG1pSDOxtMXxo9wqnfYwj3Aj5q8H4qE4WaBRJCH2yEauaGjxliWTtKP0Irvq/m54ZIUVVgWPHb7w==",
      "requires": {
        "fun2mod": "^1.0.3"
      }
    }
  }
}
